# This file is generated by running "yarn install" inside your project.
# Manual changes might be lost - proceed with caution!

__metadata:
  version: 6
  cacheKey: 8

"@navikt/ds-css@npm:^1.5.8":
  version: 1.5.8
  resolution: "@navikt/ds-css@npm:1.5.8"
  checksum: 4f90187056affd150b8f9ad9663eaefcd4c4dc7eb891bf98520ca13a7204dcfb192809d2a6d0b6ca7456f6e0de672efbec242e273730d868003bbc28b40f8c3f
  languageName: node
  linkType: hard

"@navikt/nav-dekoratoren-moduler@npm:^1.6.9":
  version: 1.6.9
  resolution: "@navikt/nav-dekoratoren-moduler@npm:1.6.9"
  dependencies:
    html-react-parser: ^1.2.7
    jsdom: ^16.6.0
    node-cache: ^5.1.2
    node-fetch: ^2.6.1
    prop-types: ^15.7.2
    react: ^17.0.2
  checksum: d225bdaf6884914bb7654a4786b3b2af7d046ad5857329c0974bcb5aa5b174e0ccc4ca7c07e55fcb36cdb6c0fef7383385b8a77014fe39418493f513879cfe7b
  languageName: node
  linkType: hard

"@next/env@npm:13.0.3":
  version: 13.0.3
  resolution: "@next/env@npm:13.0.3"
  checksum: ba9cbc710c266db16f299193ac52da7ab344f3df5d9666f7010bed62d35627ba6324da896e5fdb539042787d7dddf613cf2ea499d69a614506afdb5fd4013e32
  languageName: node
  linkType: hard

"@next/swc-android-arm-eabi@npm:13.0.3":
  version: 13.0.3
  resolution: "@next/swc-android-arm-eabi@npm:13.0.3"
  conditions: os=android & cpu=arm
  languageName: node
  linkType: hard

"@next/swc-android-arm64@npm:13.0.3":
  version: 13.0.3
  resolution: "@next/swc-android-arm64@npm:13.0.3"
  conditions: os=android & cpu=arm64
  languageName: node
  linkType: hard

"@next/swc-darwin-arm64@npm:13.0.3":
  version: 13.0.3
  resolution: "@next/swc-darwin-arm64@npm:13.0.3"
  conditions: os=darwin & cpu=arm64
  languageName: node
  linkType: hard

"@next/swc-darwin-x64@npm:13.0.3":
  version: 13.0.3
  resolution: "@next/swc-darwin-x64@npm:13.0.3"
  conditions: os=darwin & cpu=x64
  languageName: node
  linkType: hard

"@next/swc-freebsd-x64@npm:13.0.3":
  version: 13.0.3
  resolution: "@next/swc-freebsd-x64@npm:13.0.3"
  conditions: os=freebsd & cpu=x64
  languageName: node
  linkType: hard

"@next/swc-linux-arm-gnueabihf@npm:13.0.3":
  version: 13.0.3
  resolution: "@next/swc-linux-arm-gnueabihf@npm:13.0.3"
  conditions: os=linux & cpu=arm
  languageName: node
  linkType: hard

"@next/swc-linux-arm64-gnu@npm:13.0.3":
  version: 13.0.3
  resolution: "@next/swc-linux-arm64-gnu@npm:13.0.3"
  conditions: os=linux & cpu=arm64 & libc=glibc
  languageName: node
  linkType: hard

"@next/swc-linux-arm64-musl@npm:13.0.3":
  version: 13.0.3
  resolution: "@next/swc-linux-arm64-musl@npm:13.0.3"
  conditions: os=linux & cpu=arm64 & libc=musl
  languageName: node
  linkType: hard

"@next/swc-linux-x64-gnu@npm:13.0.3":
  version: 13.0.3
  resolution: "@next/swc-linux-x64-gnu@npm:13.0.3"
  conditions: os=linux & cpu=x64 & libc=glibc
  languageName: node
  linkType: hard

"@next/swc-linux-x64-musl@npm:13.0.3":
  version: 13.0.3
  resolution: "@next/swc-linux-x64-musl@npm:13.0.3"
  conditions: os=linux & cpu=x64 & libc=musl
  languageName: node
  linkType: hard

"@next/swc-win32-arm64-msvc@npm:13.0.3":
  version: 13.0.3
  resolution: "@next/swc-win32-arm64-msvc@npm:13.0.3"
  conditions: os=win32 & cpu=arm64
  languageName: node
  linkType: hard

"@next/swc-win32-ia32-msvc@npm:13.0.3":
  version: 13.0.3
  resolution: "@next/swc-win32-ia32-msvc@npm:13.0.3"
  conditions: os=win32 & cpu=ia32
  languageName: node
  linkType: hard

"@next/swc-win32-x64-msvc@npm:13.0.3":
  version: 13.0.3
  resolution: "@next/swc-win32-x64-msvc@npm:13.0.3"
  conditions: os=win32 & cpu=x64
  languageName: node
  linkType: hard

"@swc/helpers@npm:0.4.11":
  version: 0.4.11
  resolution: "@swc/helpers@npm:0.4.11"
  dependencies:
    tslib: ^2.4.0
  checksum: 736857d524b41a8a4db81094e9b027f554004e0fa3e86325d85bdb38f7e6459ce022db079edb6c61ba0f46fe8583b3e663e95f7acbd13e51b8da6c34e45bba2e
  languageName: node
  linkType: hard

"@tootallnate/once@npm:1":
  version: 1.1.2
  resolution: "@tootallnate/once@npm:1.1.2"
  checksum: e1fb1bbbc12089a0cb9433dc290f97bddd062deadb6178ce9bcb93bb7c1aecde5e60184bc7065aec42fe1663622a213493c48bbd4972d931aae48315f18e1be9
  languageName: node
  linkType: hard

"@types/node@npm:18.11.9":
  version: 18.11.9
  resolution: "@types/node@npm:18.11.9"
  checksum: cc0aae109e9b7adefc32eecb838d6fad931663bb06484b5e9cbbbf74865c721b03d16fd8d74ad90e31dbe093d956a7c2c306ba5429ba0c00f3f7505103d7a496
  languageName: node
  linkType: hard

"@types/prop-types@npm:*":
  version: 15.7.5
  resolution: "@types/prop-types@npm:15.7.5"
  checksum: 5b43b8b15415e1f298243165f1d44390403bb2bd42e662bca3b5b5633fdd39c938e91b7fce3a9483699db0f7a715d08cef220c121f723a634972fdf596aec980
  languageName: node
  linkType: hard

"@types/react-dom@npm:18.0.9":
  version: 18.0.9
  resolution: "@types/react-dom@npm:18.0.9"
  dependencies:
    "@types/react": "*"
  checksum: e744e3feba25fc43733289d4df4d9c0e59fcca7f34e8c89d75f81a339accb2bd70236d69382d47d2c0ad06a1529b2e56aa6171fe175854d60e07156ddceedfcb
  languageName: node
  linkType: hard

"@types/react@npm:*, @types/react@npm:18.0.25":
  version: 18.0.25
  resolution: "@types/react@npm:18.0.25"
  dependencies:
    "@types/prop-types": "*"
    "@types/scheduler": "*"
    csstype: ^3.0.2
  checksum: 231d658c45abdef044a716b4502774f1585d8336d73b2f5bd68f181acbfc874b7a457686ecd29b415b43ed0922c309bab7e2cf96832d188a3f4f1b02f2af760a
  languageName: node
  linkType: hard

"@types/scheduler@npm:*":
  version: 0.16.2
  resolution: "@types/scheduler@npm:0.16.2"
  checksum: b6b4dcfeae6deba2e06a70941860fb1435730576d3689225a421280b7742318d1548b3d22c1f66ab68e414f346a9542f29240bc955b6332c5b11e561077583bc
  languageName: node
  linkType: hard

"abab@npm:^2.0.3, abab@npm:^2.0.5":
  version: 2.0.6
  resolution: "abab@npm:2.0.6"
  checksum: 6ffc1af4ff315066c62600123990d87551ceb0aafa01e6539da77b0f5987ac7019466780bf480f1787576d4385e3690c81ccc37cfda12819bf510b8ab47e5a3e
  languageName: node
  linkType: hard

"acorn-globals@npm:^6.0.0":
  version: 6.0.0
  resolution: "acorn-globals@npm:6.0.0"
  dependencies:
    acorn: ^7.1.1
    acorn-walk: ^7.1.1
  checksum: 72d95e5b5e585f9acd019b993ab8bbba68bb3cbc9d9b5c1ebb3c2f1fe5981f11deababfb4949f48e6262f9c57878837f5958c0cca396f81023814680ca878042
  languageName: node
  linkType: hard

"acorn-walk@npm:^7.1.1":
  version: 7.2.0
  resolution: "acorn-walk@npm:7.2.0"
  checksum: 9252158a79b9d92f1bc0dd6acc0fcfb87a67339e84bcc301bb33d6078936d27e35d606b4d35626d2962cd43c256d6f27717e70cbe15c04fff999ab0b2260b21f
  languageName: node
  linkType: hard

"acorn@npm:^7.1.1":
  version: 7.4.1
  resolution: "acorn@npm:7.4.1"
  bin:
    acorn: bin/acorn
  checksum: 1860f23c2107c910c6177b7b7be71be350db9e1080d814493fae143ae37605189504152d1ba8743ba3178d0b37269ce1ffc42b101547fdc1827078f82671e407
  languageName: node
  linkType: hard

"acorn@npm:^8.2.4":
  version: 8.8.1
  resolution: "acorn@npm:8.8.1"
  bin:
    acorn: bin/acorn
  checksum: 4079b67283b94935157698831967642f24a075c52ce3feaaaafe095776dfbe15d86a1b33b1e53860fc0d062ed6c83f4284a5c87c85b9ad51853a01173da6097f
  languageName: node
  linkType: hard

"agent-base@npm:6":
  version: 6.0.2
  resolution: "agent-base@npm:6.0.2"
  dependencies:
    debug: 4
  checksum: f52b6872cc96fd5f622071b71ef200e01c7c4c454ee68bc9accca90c98cfb39f2810e3e9aa330435835eedc8c23f4f8a15267f67c6e245d2b33757575bdac49d
  languageName: node
  linkType: hard

"asynckit@npm:^0.4.0":
  version: 0.4.0
  resolution: "asynckit@npm:0.4.0"
  checksum: 7b78c451df768adba04e2d02e63e2d0bf3b07adcd6e42b4cf665cb7ce899bedd344c69a1dcbce355b5f972d597b25aaa1c1742b52cffd9caccb22f348114f6be
  languageName: node
  linkType: hard

"browser-process-hrtime@npm:^1.0.0":
  version: 1.0.0
  resolution: "browser-process-hrtime@npm:1.0.0"
  checksum: e30f868cdb770b1201afb714ad1575dd86366b6e861900884665fb627109b3cc757c40067d3bfee1ff2a29c835257ea30725a8018a9afd02ac1c24b408b1e45f
  languageName: node
  linkType: hard

"caniuse-lite@npm:^1.0.30001406":
  version: 1.0.30001431
  resolution: "caniuse-lite@npm:1.0.30001431"
  checksum: bc8ab55cd194e240152946b54bfaff7456180cc018674fc7ed134f4f502192405f6643f422feaa0a5e7cc02b5bac564cfac7771ac6d29f5d129482fcfe335ba1
  languageName: node
  linkType: hard

"client-only@npm:0.0.1":
  version: 0.0.1
  resolution: "client-only@npm:0.0.1"
  checksum: 0c16bf660dadb90610553c1d8946a7fdfb81d624adea073b8440b7d795d5b5b08beb3c950c6a2cf16279365a3265158a236876d92bce16423c485c322d7dfaf8
  languageName: node
  linkType: hard

"clone@npm:2.x":
  version: 2.1.2
  resolution: "clone@npm:2.1.2"
  checksum: aaf106e9bc025b21333e2f4c12da539b568db4925c0501a1bf4070836c9e848c892fa22c35548ce0d1132b08bbbfa17a00144fe58fccdab6fa900fec4250f67d
  languageName: node
  linkType: hard

"combined-stream@npm:^1.0.8":
  version: 1.0.8
  resolution: "combined-stream@npm:1.0.8"
  dependencies:
    delayed-stream: ~1.0.0
  checksum: 49fa4aeb4916567e33ea81d088f6584749fc90c7abec76fd516bf1c5aa5c79f3584b5ba3de6b86d26ddd64bae5329c4c7479343250cfe71c75bb366eae53bb7c
  languageName: node
  linkType: hard

"cssom@npm:^0.4.4":
  version: 0.4.4
  resolution: "cssom@npm:0.4.4"
  checksum: e3bc1076e7ee4213d4fef05e7ae03bfa83dc05f32611d8edc341f4ecc3d9647b89c8245474c7dd2cdcdb797a27c462e99da7ad00a34399694559f763478ff53f
  languageName: node
  linkType: hard

"cssom@npm:~0.3.6":
  version: 0.3.8
  resolution: "cssom@npm:0.3.8"
  checksum: 24beb3087c76c0d52dd458be9ee1fbc80ac771478a9baef35dd258cdeb527c68eb43204dd439692bb2b1ae5272fa5f2946d10946edab0d04f1078f85e06bc7f6
  languageName: node
  linkType: hard

"cssstyle@npm:^2.3.0":
  version: 2.3.0
  resolution: "cssstyle@npm:2.3.0"
  dependencies:
    cssom: ~0.3.6
  checksum: 5f05e6fd2e3df0b44695c2f08b9ef38b011862b274e320665176467c0725e44a53e341bc4959a41176e83b66064ab786262e7380fd1cabeae6efee0d255bb4e3
  languageName: node
  linkType: hard

"csstype@npm:^3.0.2":
  version: 3.1.1
  resolution: "csstype@npm:3.1.1"
  checksum: 1f7b4f5fdd955b7444b18ebdddf3f5c699159f13e9cf8ac9027ae4a60ae226aef9bbb14a6e12ca7dba3358b007cee6354b116e720262867c398de6c955ea451d
  languageName: node
  linkType: hard

"data-urls@npm:^2.0.0":
  version: 2.0.0
  resolution: "data-urls@npm:2.0.0"
  dependencies:
    abab: ^2.0.3
    whatwg-mimetype: ^2.3.0
    whatwg-url: ^8.0.0
  checksum: 97caf828aac25e25e04ba6869db0f99c75e6859bb5b424ada28d3e7841941ebf08ddff3c1b1bb4585986bd507a5d54c2a716853ea6cb98af877400e637393e71
  languageName: node
  linkType: hard

"debug@npm:4":
  version: 4.3.4
  resolution: "debug@npm:4.3.4"
  dependencies:
    ms: 2.1.2
  peerDependenciesMeta:
    supports-color:
      optional: true
  checksum: 3dbad3f94ea64f34431a9cbf0bafb61853eda57bff2880036153438f50fb5a84f27683ba0d8e5426bf41a8c6ff03879488120cf5b3a761e77953169c0600a708
  languageName: node
  linkType: hard

"decimal.js@npm:^10.2.1":
  version: 10.4.2
  resolution: "decimal.js@npm:10.4.2"
  checksum: 536cd6816a3197f2e1aa3da4860856cb5a2db73f6fafe8cb3b924ccc63f9b7d78296acc13dccbd419bd958ccc6357921fb15467f883b37cab04bfba7044cada2
  languageName: node
  linkType: hard

"deep-is@npm:~0.1.3":
  version: 0.1.4
  resolution: "deep-is@npm:0.1.4"
  checksum: edb65dd0d7d1b9c40b2f50219aef30e116cedd6fc79290e740972c132c09106d2e80aa0bc8826673dd5a00222d4179c84b36a790eef63a4c4bca75a37ef90804
  languageName: node
  linkType: hard

"delayed-stream@npm:~1.0.0":
  version: 1.0.0
  resolution: "delayed-stream@npm:1.0.0"
  checksum: 46fe6e83e2cb1d85ba50bd52803c68be9bd953282fa7096f51fc29edd5d67ff84ff753c51966061e5ba7cb5e47ef6d36a91924eddb7f3f3483b1c560f77a0020
  languageName: node
  linkType: hard

"dom-serializer@npm:^1.0.1":
  version: 1.4.1
  resolution: "dom-serializer@npm:1.4.1"
  dependencies:
    domelementtype: ^2.0.1
    domhandler: ^4.2.0
    entities: ^2.0.0
  checksum: fbb0b01f87a8a2d18e6e5a388ad0f7ec4a5c05c06d219377da1abc7bb0f674d804f4a8a94e3f71ff15f6cb7dcfc75704a54b261db672b9b3ab03da6b758b0b22
  languageName: node
  linkType: hard

"domelementtype@npm:^2.0.1, domelementtype@npm:^2.2.0":
  version: 2.3.0
  resolution: "domelementtype@npm:2.3.0"
  checksum: ee837a318ff702622f383409d1f5b25dd1024b692ef64d3096ff702e26339f8e345820f29a68bcdcea8cfee3531776b3382651232fbeae95612d6f0a75efb4f6
  languageName: node
  linkType: hard

"domexception@npm:^2.0.1":
  version: 2.0.1
  resolution: "domexception@npm:2.0.1"
  dependencies:
    webidl-conversions: ^5.0.0
  checksum: d638e9cb05c52999f1b2eb87c374b03311ea5b1d69c2f875bc92da73e17db60c12142b45c950228642ff7f845c536b65305483350d080df59003a653da80b691
  languageName: node
  linkType: hard

"domhandler@npm:4.3.1, domhandler@npm:^4.2.0, domhandler@npm:^4.2.2":
  version: 4.3.1
  resolution: "domhandler@npm:4.3.1"
  dependencies:
    domelementtype: ^2.2.0
  checksum: 4c665ceed016e1911bf7d1dadc09dc888090b64dee7851cccd2fcf5442747ec39c647bb1cb8c8919f8bbdd0f0c625a6bafeeed4b2d656bbecdbae893f43ffaaa
  languageName: node
  linkType: hard

"domutils@npm:^2.8.0":
  version: 2.8.0
  resolution: "domutils@npm:2.8.0"
  dependencies:
    dom-serializer: ^1.0.1
    domelementtype: ^2.2.0
    domhandler: ^4.2.0
  checksum: abf7434315283e9aadc2a24bac0e00eab07ae4313b40cc239f89d84d7315ebdfd2fb1b5bf750a96bc1b4403d7237c7b2ebf60459be394d625ead4ca89b934391
  languageName: node
  linkType: hard

"entities@npm:^2.0.0":
  version: 2.2.0
  resolution: "entities@npm:2.2.0"
  checksum: 19010dacaf0912c895ea262b4f6128574f9ccf8d4b3b65c7e8334ad0079b3706376360e28d8843ff50a78aabcb8f08f0a32dbfacdc77e47ed77ca08b713669b3
  languageName: node
  linkType: hard

"entities@npm:^3.0.1":
  version: 3.0.1
  resolution: "entities@npm:3.0.1"
  checksum: aaf7f12033f0939be91f5161593f853f2da55866db55ccbf72f45430b8977e2b79dbd58c53d0fdd2d00bd7d313b75b0968d09f038df88e308aa97e39f9456572
  languageName: node
  linkType: hard

"escodegen@npm:^2.0.0":
  version: 2.0.0
  resolution: "escodegen@npm:2.0.0"
  dependencies:
    esprima: ^4.0.1
    estraverse: ^5.2.0
    esutils: ^2.0.2
    optionator: ^0.8.1
    source-map: ~0.6.1
  dependenciesMeta:
    source-map:
      optional: true
  bin:
    escodegen: bin/escodegen.js
    esgenerate: bin/esgenerate.js
  checksum: 5aa6b2966fafe0545e4e77936300cc94ad57cfe4dc4ebff9950492eaba83eef634503f12d7e3cbd644ecc1bab388ad0e92b06fd32222c9281a75d1cf02ec6cef
  languageName: node
  linkType: hard

"esprima@npm:^4.0.1":
  version: 4.0.1
  resolution: "esprima@npm:4.0.1"
  bin:
    esparse: ./bin/esparse.js
    esvalidate: ./bin/esvalidate.js
  checksum: b45bc805a613dbea2835278c306b91aff6173c8d034223fa81498c77dcbce3b2931bf6006db816f62eacd9fd4ea975dfd85a5b7f3c6402cfd050d4ca3c13a628
  languageName: node
  linkType: hard

"estraverse@npm:^5.2.0":
  version: 5.3.0
  resolution: "estraverse@npm:5.3.0"
  checksum: 072780882dc8416ad144f8fe199628d2b3e7bbc9989d9ed43795d2c90309a2047e6bc5979d7e2322a341163d22cfad9e21f4110597fe487519697389497e4e2b
  languageName: node
  linkType: hard

"esutils@npm:^2.0.2":
  version: 2.0.3
  resolution: "esutils@npm:2.0.3"
  checksum: 22b5b08f74737379a840b8ed2036a5fb35826c709ab000683b092d9054e5c2a82c27818f12604bfc2a9a76b90b6834ef081edbc1c7ae30d1627012e067c6ec87
  languageName: node
  linkType: hard

"fast-levenshtein@npm:~2.0.6":
  version: 2.0.6
  resolution: "fast-levenshtein@npm:2.0.6"
  checksum: 92cfec0a8dfafd9c7a15fba8f2cc29cd0b62b85f056d99ce448bbcd9f708e18ab2764bda4dd5158364f4145a7c72788538994f0d1787b956ef0d1062b0f7c24c
  languageName: node
  linkType: hard

"form-data@npm:^3.0.0":
  version: 3.0.1
  resolution: "form-data@npm:3.0.1"
  dependencies:
    asynckit: ^0.4.0
    combined-stream: ^1.0.8
    mime-types: ^2.1.12
  checksum: b019e8d35c8afc14a2bd8a7a92fa4f525a4726b6d5a9740e8d2623c30e308fbb58dc8469f90415a856698933c8479b01646a9dff33c87cc4e76d72aedbbf860d
  languageName: node
  linkType: hard

"html-dom-parser@npm:1.2.0":
  version: 1.2.0
  resolution: "html-dom-parser@npm:1.2.0"
  dependencies:
    domhandler: 4.3.1
    htmlparser2: 7.2.0
  checksum: d5e72baba7e1a9da334f023f3b3669247c5cebaf51b23011764202c11b3850339aa0fef9f26e00c2b0510e75fe6183453fcba33304a006f9fcde3d037bf60f3d
  languageName: node
  linkType: hard

"html-encoding-sniffer@npm:^2.0.1":
  version: 2.0.1
  resolution: "html-encoding-sniffer@npm:2.0.1"
  dependencies:
    whatwg-encoding: ^1.0.5
  checksum: bf30cce461015ed7e365736fcd6a3063c7bc016a91f74398ef6158886970a96333938f7c02417ab3c12aa82e3e53b40822145facccb9ddfbcdc15a879ae4d7ba
  languageName: node
  linkType: hard

"html-react-parser@npm:^1.2.7":
  version: 1.4.14
  resolution: "html-react-parser@npm:1.4.14"
  dependencies:
    domhandler: 4.3.1
    html-dom-parser: 1.2.0
    react-property: 2.0.0
    style-to-js: 1.1.1
  peerDependencies:
    react: 0.14 || 15 || 16 || 17 || 18
  checksum: 14745d2949da38c31d9812ed0f7d77bbbffcf5a6db441d3c703d57ca884ebe705fc2dbc312f47353c349f11f5e61f4735b6610ed905cb4d06da56d475ecc2892
  languageName: node
  linkType: hard

"htmlparser2@npm:7.2.0":
  version: 7.2.0
  resolution: "htmlparser2@npm:7.2.0"
  dependencies:
    domelementtype: ^2.0.1
    domhandler: ^4.2.2
    domutils: ^2.8.0
    entities: ^3.0.1
  checksum: 96563d9965729cfcb3f5f19c26d013c6831b4cb38d79d8c185e9cd669ea6a9ffe8fb9ccc74d29a068c9078aa0e2767053ed6b19aa32723c41550340d0094bea0
  languageName: node
  linkType: hard

"http-proxy-agent@npm:^4.0.1":
  version: 4.0.1
  resolution: "http-proxy-agent@npm:4.0.1"
  dependencies:
    "@tootallnate/once": 1
    agent-base: 6
    debug: 4
  checksum: c6a5da5a1929416b6bbdf77b1aca13888013fe7eb9d59fc292e25d18e041bb154a8dfada58e223fc7b76b9b2d155a87e92e608235201f77d34aa258707963a82
  languageName: node
  linkType: hard

"https-proxy-agent@npm:^5.0.0":
  version: 5.0.1
  resolution: "https-proxy-agent@npm:5.0.1"
  dependencies:
    agent-base: 6
    debug: 4
  checksum: 571fccdf38184f05943e12d37d6ce38197becdd69e58d03f43637f7fa1269cf303a7d228aa27e5b27bbd3af8f09fd938e1c91dcfefff2df7ba77c20ed8dfc765
  languageName: node
  linkType: hard

"iconv-lite@npm:0.4.24":
  version: 0.4.24
  resolution: "iconv-lite@npm:0.4.24"
  dependencies:
    safer-buffer: ">= 2.1.2 < 3"
  checksum: bd9f120f5a5b306f0bc0b9ae1edeb1577161503f5f8252a20f1a9e56ef8775c9959fd01c55f2d3a39d9a8abaf3e30c1abeb1895f367dcbbe0a8fd1c9ca01c4f6
  languageName: node
  linkType: hard

"inline-style-parser@npm:0.1.1":
  version: 0.1.1
  resolution: "inline-style-parser@npm:0.1.1"
  checksum: 5d545056a3e1f2bf864c928a886a0e1656a3517127d36917b973de581bd54adc91b4bf1febcb0da054f204b4934763f1a4e09308b4d55002327cf1d48ac5d966
  languageName: node
  linkType: hard

"is-potential-custom-element-name@npm:^1.0.1":
  version: 1.0.1
  resolution: "is-potential-custom-element-name@npm:1.0.1"
  checksum: ced7bbbb6433a5b684af581872afe0e1767e2d1146b2207ca0068a648fb5cab9d898495d1ac0583524faaf24ca98176a7d9876363097c2d14fee6dd324f3a1ab
  languageName: node
  linkType: hard

"js-tokens@npm:^3.0.0 || ^4.0.0":
  version: 4.0.0
  resolution: "js-tokens@npm:4.0.0"
  checksum: 8a95213a5a77deb6cbe94d86340e8d9ace2b93bc367790b260101d2f36a2eaf4e4e22d9fa9cf459b38af3a32fb4190e638024cf82ec95ef708680e405ea7cc78
  languageName: node
  linkType: hard

"jsdom@npm:^16.6.0":
  version: 16.7.0
  resolution: "jsdom@npm:16.7.0"
  dependencies:
    abab: ^2.0.5
    acorn: ^8.2.4
    acorn-globals: ^6.0.0
    cssom: ^0.4.4
    cssstyle: ^2.3.0
    data-urls: ^2.0.0
    decimal.js: ^10.2.1
    domexception: ^2.0.1
    escodegen: ^2.0.0
    form-data: ^3.0.0
    html-encoding-sniffer: ^2.0.1
    http-proxy-agent: ^4.0.1
    https-proxy-agent: ^5.0.0
    is-potential-custom-element-name: ^1.0.1
    nwsapi: ^2.2.0
    parse5: 6.0.1
    saxes: ^5.0.1
    symbol-tree: ^3.2.4
    tough-cookie: ^4.0.0
    w3c-hr-time: ^1.0.2
    w3c-xmlserializer: ^2.0.0
    webidl-conversions: ^6.1.0
    whatwg-encoding: ^1.0.5
    whatwg-mimetype: ^2.3.0
    whatwg-url: ^8.5.0
    ws: ^7.4.6
    xml-name-validator: ^3.0.0
  peerDependencies:
    canvas: ^2.5.0
  peerDependenciesMeta:
    canvas:
      optional: true
  checksum: 454b83371857000763ed31130a049acd1b113e3b927e6dcd75c67ddc30cdd242d7ebcac5c2294b7a1a6428155cb1398709c573b3c6d809218692ea68edd93370
  languageName: node
  linkType: hard

"levn@npm:~0.3.0":
  version: 0.3.0
  resolution: "levn@npm:0.3.0"
  dependencies:
    prelude-ls: ~1.1.2
    type-check: ~0.3.2
  checksum: 0d084a524231a8246bb10fec48cdbb35282099f6954838604f3c7fc66f2e16fa66fd9cc2f3f20a541a113c4dafdf181e822c887c8a319c9195444e6c64ac395e
  languageName: node
  linkType: hard

"lodash@npm:^4.7.0":
  version: 4.17.21
  resolution: "lodash@npm:4.17.21"
  checksum: eb835a2e51d381e561e508ce932ea50a8e5a68f4ebdd771ea240d3048244a8d13658acbd502cd4829768c56f2e16bdd4340b9ea141297d472517b83868e677f7
  languageName: node
  linkType: hard

"loose-envify@npm:^1.1.0, loose-envify@npm:^1.4.0":
  version: 1.4.0
  resolution: "loose-envify@npm:1.4.0"
  dependencies:
    js-tokens: ^3.0.0 || ^4.0.0
  bin:
    loose-envify: cli.js
  checksum: 6517e24e0cad87ec9888f500c5b5947032cdfe6ef65e1c1936a0c48a524b81e65542c9c3edc91c97d5bddc806ee2a985dbc79be89215d613b1de5db6d1cfe6f4
  languageName: node
  linkType: hard

"mime-db@npm:1.52.0":
  version: 1.52.0
  resolution: "mime-db@npm:1.52.0"
  checksum: 0d99a03585f8b39d68182803b12ac601d9c01abfa28ec56204fa330bc9f3d1c5e14beb049bafadb3dbdf646dfb94b87e24d4ec7b31b7279ef906a8ea9b6a513f
  languageName: node
  linkType: hard

"mime-types@npm:^2.1.12":
  version: 2.1.35
  resolution: "mime-types@npm:2.1.35"
  dependencies:
    mime-db: 1.52.0
  checksum: 89a5b7f1def9f3af5dad6496c5ed50191ae4331cc5389d7c521c8ad28d5fdad2d06fd81baf38fed813dc4e46bb55c8145bb0ff406330818c9cf712fb2e9b3836
  languageName: node
  linkType: hard

"ms@npm:2.1.2":
  version: 2.1.2
  resolution: "ms@npm:2.1.2"
  checksum: 673cdb2c3133eb050c745908d8ce632ed2c02d85640e2edb3ace856a2266a813b30c613569bf3354fdf4ea7d1a1494add3bfa95e2713baa27d0c2c71fc44f58f
  languageName: node
  linkType: hard

"nanoid@npm:^3.3.4":
  version: 3.3.4
  resolution: "nanoid@npm:3.3.4"
  bin:
    nanoid: bin/nanoid.cjs
  checksum: 2fddd6dee994b7676f008d3ffa4ab16035a754f4bb586c61df5a22cf8c8c94017aadd360368f47d653829e0569a92b129979152ff97af23a558331e47e37cd9c
  languageName: node
  linkType: hard

"next@npm:13.0.3":
  version: 13.0.3
  resolution: "next@npm:13.0.3"
  dependencies:
    "@next/env": 13.0.3
    "@next/swc-android-arm-eabi": 13.0.3
    "@next/swc-android-arm64": 13.0.3
    "@next/swc-darwin-arm64": 13.0.3
    "@next/swc-darwin-x64": 13.0.3
    "@next/swc-freebsd-x64": 13.0.3
    "@next/swc-linux-arm-gnueabihf": 13.0.3
    "@next/swc-linux-arm64-gnu": 13.0.3
    "@next/swc-linux-arm64-musl": 13.0.3
    "@next/swc-linux-x64-gnu": 13.0.3
    "@next/swc-linux-x64-musl": 13.0.3
    "@next/swc-win32-arm64-msvc": 13.0.3
    "@next/swc-win32-ia32-msvc": 13.0.3
    "@next/swc-win32-x64-msvc": 13.0.3
    "@swc/helpers": 0.4.11
    caniuse-lite: ^1.0.30001406
    postcss: 8.4.14
    styled-jsx: 5.1.0
    use-sync-external-store: 1.2.0
  peerDependencies:
    fibers: ">= 3.1.0"
    node-sass: ^6.0.0 || ^7.0.0
    react: ^18.2.0
    react-dom: ^18.2.0
    sass: ^1.3.0
  dependenciesMeta:
    "@next/swc-android-arm-eabi":
      optional: true
    "@next/swc-android-arm64":
      optional: true
    "@next/swc-darwin-arm64":
      optional: true
    "@next/swc-darwin-x64":
      optional: true
    "@next/swc-freebsd-x64":
      optional: true
    "@next/swc-linux-arm-gnueabihf":
      optional: true
    "@next/swc-linux-arm64-gnu":
      optional: true
    "@next/swc-linux-arm64-musl":
      optional: true
    "@next/swc-linux-x64-gnu":
      optional: true
    "@next/swc-linux-x64-musl":
      optional: true
    "@next/swc-win32-arm64-msvc":
      optional: true
    "@next/swc-win32-ia32-msvc":
      optional: true
    "@next/swc-win32-x64-msvc":
      optional: true
  peerDependenciesMeta:
    fibers:
      optional: true
    node-sass:
      optional: true
    sass:
      optional: true
  bin:
    next: dist/bin/next
  checksum: f1f6e8a574476fc5f897681756497dd3c4f7ac7d304eafa6f45f549e60af4856eee022e6fabb9a1683a79100d19827a19abc0c25f212540f1e59597deae1c52e
  languageName: node
  linkType: hard

"node-cache@npm:^5.1.2":
  version: 5.1.2
  resolution: "node-cache@npm:5.1.2"
  dependencies:
    clone: 2.x
  checksum: b0bdd81a6fee4754fb984a05246b510bb35dc54721116d465899bf4229ee3287fdafb47da526900ee9924fb402ed5c7d8050049d37d8bf2d26dbafc23a2c3205
  languageName: node
  linkType: hard

"node-fetch@npm:^2.6.1":
  version: 2.6.7
  resolution: "node-fetch@npm:2.6.7"
  dependencies:
    whatwg-url: ^5.0.0
  peerDependencies:
    encoding: ^0.1.0
  peerDependenciesMeta:
    encoding:
      optional: true
  checksum: 8d816ffd1ee22cab8301c7756ef04f3437f18dace86a1dae22cf81db8ef29c0bf6655f3215cb0cdb22b420b6fe141e64b26905e7f33f9377a7fa59135ea3e10b
  languageName: node
  linkType: hard

"nwsapi@npm:^2.2.0":
  version: 2.2.2
  resolution: "nwsapi@npm:2.2.2"
  checksum: 43769106292bc95f776756ca2f3513dab7b4d506a97c67baec32406447841a35f65f29c1f95ab5d42785210fd41668beed33ca16fa058780be43b101ad73e205
  languageName: node
  linkType: hard

"object-assign@npm:^4.1.1":
  version: 4.1.1
  resolution: "object-assign@npm:4.1.1"
  checksum: fcc6e4ea8c7fe48abfbb552578b1c53e0d194086e2e6bbbf59e0a536381a292f39943c6e9628af05b5528aa5e3318bb30d6b2e53cadaf5b8fe9e12c4b69af23f
  languageName: node
  linkType: hard

"optionator@npm:^0.8.1":
  version: 0.8.3
  resolution: "optionator@npm:0.8.3"
  dependencies:
    deep-is: ~0.1.3
    fast-levenshtein: ~2.0.6
    levn: ~0.3.0
    prelude-ls: ~1.1.2
    type-check: ~0.3.2
    word-wrap: ~1.2.3
  checksum: b8695ddf3d593203e25ab0900e265d860038486c943ff8b774f596a310f8ceebdb30c6832407a8198ba3ec9debe1abe1f51d4aad94843612db3b76d690c61d34
  languageName: node
  linkType: hard

"parse5@npm:6.0.1":
  version: 6.0.1
  resolution: "parse5@npm:6.0.1"
  checksum: 7d569a176c5460897f7c8f3377eff640d54132b9be51ae8a8fa4979af940830b2b0c296ce75e5bd8f4041520aadde13170dbdec44889975f906098ea0002f4bd
  languageName: node
  linkType: hard

"picocolors@npm:^1.0.0":
  version: 1.0.0
  resolution: "picocolors@npm:1.0.0"
  checksum: a2e8092dd86c8396bdba9f2b5481032848525b3dc295ce9b57896f931e63fc16f79805144321f72976383fc249584672a75cc18d6777c6b757603f372f745981
  languageName: node
  linkType: hard

"postcss@npm:8.4.14":
  version: 8.4.14
  resolution: "postcss@npm:8.4.14"
  dependencies:
    nanoid: ^3.3.4
    picocolors: ^1.0.0
    source-map-js: ^1.0.2
  checksum: fe58766ff32e4becf65a7d57678995cfd239df6deed2fe0557f038b47c94e4132e7e5f68b5aa820c13adfec32e523b693efaeb65798efb995ce49ccd83953816
  languageName: node
  linkType: hard

"prelude-ls@npm:~1.1.2":
  version: 1.1.2
  resolution: "prelude-ls@npm:1.1.2"
  checksum: c4867c87488e4a0c233e158e4d0d5565b609b105d75e4c05dc760840475f06b731332eb93cc8c9cecb840aa8ec323ca3c9a56ad7820ad2e63f0261dadcb154e4
  languageName: node
  linkType: hard

"prop-types@npm:^15.7.2":
  version: 15.8.1
  resolution: "prop-types@npm:15.8.1"
  dependencies:
    loose-envify: ^1.4.0
    object-assign: ^4.1.1
    react-is: ^16.13.1
  checksum: c056d3f1c057cb7ff8344c645450e14f088a915d078dcda795041765047fa080d38e5d626560ccaac94a4e16e3aa15f3557c1a9a8d1174530955e992c675e459
  languageName: node
  linkType: hard

"psl@npm:^1.1.33":
  version: 1.9.0
  resolution: "psl@npm:1.9.0"
  checksum: 20c4277f640c93d393130673f392618e9a8044c6c7bf61c53917a0fddb4952790f5f362c6c730a9c32b124813e173733f9895add8d26f566ed0ea0654b2e711d
  languageName: node
  linkType: hard

"punycode@npm:^2.1.1":
  version: 2.1.1
  resolution: "punycode@npm:2.1.1"
  checksum: 823bf443c6dd14f669984dea25757b37993f67e8d94698996064035edd43bed8a5a17a9f12e439c2b35df1078c6bec05a6c86e336209eb1061e8025c481168e8
  languageName: node
  linkType: hard

"querystringify@npm:^2.1.1":
  version: 2.2.0
  resolution: "querystringify@npm:2.2.0"
  checksum: 5641ea231bad7ef6d64d9998faca95611ed4b11c2591a8cae741e178a974f6a8e0ebde008475259abe1621cb15e692404e6b6626e927f7b849d5c09392604b15
  languageName: node
  linkType: hard

"react-dom@npm:18.2.0":
  version: 18.2.0
  resolution: "react-dom@npm:18.2.0"
  dependencies:
    loose-envify: ^1.1.0
    scheduler: ^0.23.0
  peerDependencies:
    react: ^18.2.0
  checksum: 7d323310bea3a91be2965f9468d552f201b1c27891e45ddc2d6b8f717680c95a75ae0bc1e3f5cf41472446a2589a75aed4483aee8169287909fcd59ad149e8cc
  languageName: node
  linkType: hard

"react-is@npm:^16.13.1":
  version: 16.13.1
  resolution: "react-is@npm:16.13.1"
  checksum: f7a19ac3496de32ca9ae12aa030f00f14a3d45374f1ceca0af707c831b2a6098ef0d6bdae51bd437b0a306d7f01d4677fcc8de7c0d331eb47ad0f46130e53c5f
  languageName: node
  linkType: hard

"react-property@npm:2.0.0":
  version: 2.0.0
  resolution: "react-property@npm:2.0.0"
  checksum: 8a444df30ef0937689c7968dae2501a0ca523777169f450e1f7ef5beeb855d6509bd058bf612f6ed8f459aa35468335d356e50264492e1938586e59fdb988262
  languageName: node
  linkType: hard

"react@npm:18.2.0":
  version: 18.2.0
  resolution: "react@npm:18.2.0"
  dependencies:
    loose-envify: ^1.1.0
  checksum: 88e38092da8839b830cda6feef2e8505dec8ace60579e46aa5490fc3dc9bba0bd50336507dc166f43e3afc1c42939c09fe33b25fae889d6f402721dcd78fca1b
  languageName: node
  linkType: hard

"react@npm:^17.0.2":
  version: 17.0.2
  resolution: "react@npm:17.0.2"
  dependencies:
    loose-envify: ^1.1.0
    object-assign: ^4.1.1
  checksum: b254cc17ce3011788330f7bbf383ab653c6848902d7936a87b09d835d091e3f295f7e9dd1597c6daac5dc80f90e778c8230218ba8ad599f74adcc11e33b9d61b
  languageName: node
  linkType: hard

"requires-port@npm:^1.0.0":
  version: 1.0.0
  resolution: "requires-port@npm:1.0.0"
  checksum: eee0e303adffb69be55d1a214e415cf42b7441ae858c76dfc5353148644f6fd6e698926fc4643f510d5c126d12a705e7c8ed7e38061113bdf37547ab356797ff
  languageName: node
  linkType: hard

"runtime-env-repro@workspace:.":
  version: 0.0.0-use.local
  resolution: "runtime-env-repro@workspace:."
  dependencies:
    "@navikt/ds-css": ^1.5.8
    "@navikt/nav-dekoratoren-moduler": ^1.6.9
    "@types/node": 18.11.9
    "@types/react": 18.0.25
    "@types/react-dom": 18.0.9
    next: 13.0.3
    react: 18.2.0
    react-dom: 18.2.0
    typescript: 4.9.3
  languageName: unknown
  linkType: soft

"safer-buffer@npm:>= 2.1.2 < 3":
  version: 2.1.2
  resolution: "safer-buffer@npm:2.1.2"
  checksum: cab8f25ae6f1434abee8d80023d7e72b598cf1327164ddab31003c51215526801e40b66c5e65d658a0af1e9d6478cadcb4c745f4bd6751f97d8644786c0978b0
  languageName: node
  linkType: hard

"saxes@npm:^5.0.1":
  version: 5.0.1
  resolution: "saxes@npm:5.0.1"
  dependencies:
    xmlchars: ^2.2.0
  checksum: 5636b55cf15f7cf0baa73f2797bf992bdcf75d1b39d82c0aa4608555c774368f6ac321cb641fd5f3d3ceb87805122cd47540da6a7b5960fe0dbdb8f8c263f000
  languageName: node
  linkType: hard

"scheduler@npm:^0.23.0":
  version: 0.23.0
  resolution: "scheduler@npm:0.23.0"
  dependencies:
    loose-envify: ^1.1.0
  checksum: d79192eeaa12abef860c195ea45d37cbf2bbf5f66e3c4dcd16f54a7da53b17788a70d109ee3d3dde1a0fd50e6a8fc171f4300356c5aee4fc0171de526bf35f8a
  languageName: node
  linkType: hard

"source-map-js@npm:^1.0.2":
  version: 1.0.2
  resolution: "source-map-js@npm:1.0.2"
  checksum: c049a7fc4deb9a7e9b481ae3d424cc793cb4845daa690bc5a05d428bf41bf231ced49b4cf0c9e77f9d42fdb3d20d6187619fc586605f5eabe995a316da8d377c
  languageName: node
  linkType: hard

"source-map@npm:~0.6.1":
  version: 0.6.1
  resolution: "source-map@npm:0.6.1"
  checksum: 59ce8640cf3f3124f64ac289012c2b8bd377c238e316fb323ea22fbfe83da07d81e000071d7242cad7a23cd91c7de98e4df8830ec3f133cb6133a5f6e9f67bc2
  languageName: node
  linkType: hard

"style-to-js@npm:1.1.1":
  version: 1.1.1
  resolution: "style-to-js@npm:1.1.1"
  dependencies:
    style-to-object: 0.3.0
  checksum: 91b9742af9fc389118e5c3f39a95cbebe1a456b65530aba7595e789783d015aab4bbbf4bc3e0998c41ce7c46661f1244aeffd9e7c407ad8ac928e2ba2be37aa0
  languageName: node
  linkType: hard

"style-to-object@npm:0.3.0":
  version: 0.3.0
  resolution: "style-to-object@npm:0.3.0"
  dependencies:
    inline-style-parser: 0.1.1
  checksum: 4d7084015207f2a606dfc10c29cb5ba569f2fe8005551df7396110dd694d6ff650f2debafa95bd5d147dfb4ca50f57868e2a7f91bf5d11ef734fe7ccbd7abf59
  languageName: node
  linkType: hard

"styled-jsx@npm:5.1.0":
  version: 5.1.0
  resolution: "styled-jsx@npm:5.1.0"
  dependencies:
    client-only: 0.0.1
  peerDependencies:
    react: ">= 16.8.0 || 17.x.x || ^18.0.0-0"
  peerDependenciesMeta:
    "@babel/core":
      optional: true
    babel-plugin-macros:
      optional: true
  checksum: e5b70476fd9059147dfe35dd912e537e422a7f900cc88f80456c97da495c655598875d64de2199641d627770a7e55ed08be0fd82646bc386791fdb1d0e5af2b1
  languageName: node
  linkType: hard

"symbol-tree@npm:^3.2.4":
  version: 3.2.4
  resolution: "symbol-tree@npm:3.2.4"
  checksum: 6e8fc7e1486b8b54bea91199d9535bb72f10842e40c79e882fc94fb7b14b89866adf2fd79efa5ebb5b658bc07fb459ccce5ac0e99ef3d72f474e74aaf284029d
  languageName: node
  linkType: hard

"tough-cookie@npm:^4.0.0":
  version: 4.1.2
  resolution: "tough-cookie@npm:4.1.2"
  dependencies:
    psl: ^1.1.33
    punycode: ^2.1.1
    universalify: ^0.2.0
    url-parse: ^1.5.3
  checksum: a7359e9a3e875121a84d6ba40cc184dec5784af84f67f3a56d1d2ae39b87c0e004e6ba7c7331f9622a7d2c88609032473488b28fe9f59a1fec115674589de39a
  languageName: node
  linkType: hard

"tr46@npm:^2.1.0":
  version: 2.1.0
  resolution: "tr46@npm:2.1.0"
  dependencies:
    punycode: ^2.1.1
  checksum: ffe6049b9dca3ae329b059aada7f515b0f0064c611b39b51ff6b53897e954650f6f63d9319c6c008d36ead477c7b55e5f64c9dc60588ddc91ff720d64eb710b3
  languageName: node
  linkType: hard

"tr46@npm:~0.0.3":
  version: 0.0.3
  resolution: "tr46@npm:0.0.3"
  checksum: 726321c5eaf41b5002e17ffbd1fb7245999a073e8979085dacd47c4b4e8068ff5777142fc6726d6ca1fd2ff16921b48788b87225cbc57c72636f6efa8efbffe3
  languageName: node
  linkType: hard

"tslib@npm:^2.4.0":
  version: 2.4.1
  resolution: "tslib@npm:2.4.1"
  checksum: 19480d6e0313292bd6505d4efe096a6b31c70e21cf08b5febf4da62e95c265c8f571f7b36fcc3d1a17e068032f59c269fab3459d6cd3ed6949eafecf64315fca
  languageName: node
  linkType: hard

"type-check@npm:~0.3.2":
  version: 0.3.2
  resolution: "type-check@npm:0.3.2"
  dependencies:
    prelude-ls: ~1.1.2
  checksum: dd3b1495642731bc0e1fc40abe5e977e0263005551ac83342ecb6f4f89551d106b368ec32ad3fb2da19b3bd7b2d1f64330da2ea9176d8ddbfe389fb286eb5124
  languageName: node
  linkType: hard

"typescript@npm:4.9.3":
  version: 4.9.3
  resolution: "typescript@npm:4.9.3"
  bin:
    tsc: bin/tsc
    tsserver: bin/tsserver
  checksum: 17b8f816050b412403e38d48eef0e893deb6be522d6dc7caf105e54a72e34daf6835c447735fd2b28b66784e72bfbf87f627abb4818a8e43d1fa8106396128dc
  languageName: node
  linkType: hard

"typescript@patch:typescript@4.9.3#~builtin<compat/typescript>":
  version: 4.9.3
  resolution: "typescript@patch:typescript@npm%3A4.9.3#~builtin<compat/typescript>::version=4.9.3&hash=d73830"
  bin:
    tsc: bin/tsc
    tsserver: bin/tsserver
  checksum: 67ca21a387c0572f1c04936e638dde7782c5aa520c3754aadc7cc9b7c915da9ebc3e27c601bfff4ccb7d7264e82dce6d277ada82ec09dc75024349e0ef64926d
  languageName: node
  linkType: hard

"universalify@npm:^0.2.0":
  version: 0.2.0
  resolution: "universalify@npm:0.2.0"
  checksum: e86134cb12919d177c2353196a4cc09981524ee87abf621f7bc8d249dbbbebaec5e7d1314b96061497981350df786e4c5128dbf442eba104d6e765bc260678b5
  languageName: node
  linkType: hard

"url-parse@npm:^1.5.3":
  version: 1.5.10
  resolution: "url-parse@npm:1.5.10"
  dependencies:
    querystringify: ^2.1.1
    requires-port: ^1.0.0
  checksum: fbdba6b1d83336aca2216bbdc38ba658d9cfb8fc7f665eb8b17852de638ff7d1a162c198a8e4ed66001ddbf6c9888d41e4798912c62b4fd777a31657989f7bdf
  languageName: node
  linkType: hard

"use-sync-external-store@npm:1.2.0":
  version: 1.2.0
  resolution: "use-sync-external-store@npm:1.2.0"
  peerDependencies:
    react: ^16.8.0 || ^17.0.0 || ^18.0.0
  checksum: 5c639e0f8da3521d605f59ce5be9e094ca772bd44a4ce7322b055a6f58eeed8dda3c94cabd90c7a41fb6fa852210092008afe48f7038792fd47501f33299116a
  languageName: node
  linkType: hard

"w3c-hr-time@npm:^1.0.2":
  version: 1.0.2
  resolution: "w3c-hr-time@npm:1.0.2"
  dependencies:
    browser-process-hrtime: ^1.0.0
  checksum: ec3c2dacbf8050d917bbf89537a101a08c2e333b4c19155f7d3bedde43529d4339db6b3d049d9610789cb915f9515f8be037e0c54c079e9d4735c50b37ed52b9
  languageName: node
  linkType: hard

"w3c-xmlserializer@npm:^2.0.0":
  version: 2.0.0
  resolution: "w3c-xmlserializer@npm:2.0.0"
  dependencies:
    xml-name-validator: ^3.0.0
  checksum: ae25c51cf71f1fb2516df1ab33a481f83461a117565b95e3d0927432522323f93b1b2846cbb60196d337970c421adb604fc2d0d180c6a47a839da01db5b9973b
  languageName: node
  linkType: hard

"webidl-conversions@npm:^3.0.0":
  version: 3.0.1
  resolution: "webidl-conversions@npm:3.0.1"
  checksum: c92a0a6ab95314bde9c32e1d0a6dfac83b578f8fa5f21e675bc2706ed6981bc26b7eb7e6a1fab158e5ce4adf9caa4a0aee49a52505d4d13c7be545f15021b17c
  languageName: node
  linkType: hard

"webidl-conversions@npm:^5.0.0":
  version: 5.0.0
  resolution: "webidl-conversions@npm:5.0.0"
  checksum: ccf1ec2ca7c0b5671e5440ace4a66806ae09c49016ab821481bec0c05b1b82695082dc0a27d1fe9d804d475a408ba0c691e6803fd21be608e710955d4589cd69
  languageName: node
  linkType: hard

"webidl-conversions@npm:^6.1.0":
  version: 6.1.0
  resolution: "webidl-conversions@npm:6.1.0"
  checksum: 1f526507aa491f972a0c1409d07f8444e1d28778dfa269a9971f2e157182f3d496dc33296e4ed45b157fdb3bf535bb90c90bf10c50dcf1dd6caacb2a34cc84fb
  languageName: node
  linkType: hard

"whatwg-encoding@npm:^1.0.5":
  version: 1.0.5
  resolution: "whatwg-encoding@npm:1.0.5"
  dependencies:
    iconv-lite: 0.4.24
  checksum: 5be4efe111dce29ddee3448d3915477fcc3b28f991d9cf1300b4e50d6d189010d47bca2f51140a844cf9b726e8f066f4aee72a04d687bfe4f2ee2767b2f5b1e6
  languageName: node
  linkType: hard

"whatwg-mimetype@npm:^2.3.0":
  version: 2.3.0
  resolution: "whatwg-mimetype@npm:2.3.0"
  checksum: 23eb885940bcbcca4ff841c40a78e9cbb893ec42743993a42bf7aed16085b048b44b06f3402018931687153550f9a32d259dfa524e4f03577ab898b6965e5383
  languageName: node
  linkType: hard

"whatwg-url@npm:^5.0.0":
  version: 5.0.0
  resolution: "whatwg-url@npm:5.0.0"
  dependencies:
    tr46: ~0.0.3
    webidl-conversions: ^3.0.0
  checksum: b8daed4ad3356cc4899048a15b2c143a9aed0dfae1f611ebd55073310c7b910f522ad75d727346ad64203d7e6c79ef25eafd465f4d12775ca44b90fa82ed9e2c
  languageName: node
  linkType: hard

"whatwg-url@npm:^8.0.0, whatwg-url@npm:^8.5.0":
  version: 8.7.0
  resolution: "whatwg-url@npm:8.7.0"
  dependencies:
    lodash: ^4.7.0
    tr46: ^2.1.0
    webidl-conversions: ^6.1.0
  checksum: a87abcc6cefcece5311eb642858c8fdb234e51ec74196bfacf8def2edae1bfbffdf6acb251646ed6301f8cee44262642d8769c707256125a91387e33f405dd1e
  languageName: node
  linkType: hard

"word-wrap@npm:~1.2.3":
  version: 1.2.3
  resolution: "word-wrap@npm:1.2.3"
  checksum: 30b48f91fcf12106ed3186ae4fa86a6a1842416df425be7b60485de14bec665a54a68e4b5156647dec3a70f25e84d270ca8bc8cd23182ed095f5c7206a938c1f
  languageName: node
  linkType: hard

"ws@npm:^7.4.6":
  version: 7.5.9
  resolution: "ws@npm:7.5.9"
  peerDependencies:
    bufferutil: ^4.0.1
    utf-8-validate: ^5.0.2
  peerDependenciesMeta:
    bufferutil:
      optional: true
    utf-8-validate:
      optional: true
  checksum: c3c100a181b731f40b7f2fddf004aa023f79d64f489706a28bc23ff88e87f6a64b3c6651fbec3a84a53960b75159574d7a7385709847a62ddb7ad6af76f49138
  languageName: node
  linkType: hard

"xml-name-validator@npm:^3.0.0":
  version: 3.0.0
  resolution: "xml-name-validator@npm:3.0.0"
  checksum: b3ac459afed783c285bb98e4960bd1f3ba12754fd4f2320efa0f9181ca28928c53cc75ca660d15d205e81f92304419afe94c531c7cfb3e0649aa6d140d53ecb0
  languageName: node
  linkType: hard

"xmlchars@npm:^2.2.0":
  version: 2.2.0
  resolution: "xmlchars@npm:2.2.0"
  checksum: 8c70ac94070ccca03f47a81fcce3b271bd1f37a591bf5424e787ae313fcb9c212f5f6786e1fa82076a2c632c0141552babcd85698c437506dfa6ae2d58723062
  languageName: node
  linkType: hard
